{
  "name": "vanlee-h5",
  "version": "1.0.0",
  "lockfileVersion": 1,
  "requires": true,
  "dependencies": {
    "@antv/adjust": {
      "version": "0.2.5",
      "resolved": "https://registry.npmmirror.com/@antv/adjust/-/adjust-0.2.5.tgz",
      "integrity": "sha512-MfWZOkD9CqXRES6MBGRNe27Q577a72EIwyMnE29wIlPliFvJfWwsrONddpGU7lilMpVKecS3WAzOoip3RfPTRQ==",
      "requires": {
        "@antv/util": "~2.0.0",
        "tslib": "^1.10.0"
      }
    },
    "@antv/event-emitter": {
      "version": "0.1.3",
      "resolved": "https://registry.npmmirror.com/@antv/event-emitter/-/event-emitter-0.1.3.tgz",
      "integrity": "sha512-4ddpsiHN9Pd4UIlWuKVK1C4IiZIdbwQvy9i7DUSI3xNJ89FPUFt8lxDYj8GzzfdllV0NkJTRxnG+FvLk0llidg=="
    },
    "@antv/f2": {
      "version": "4.0.25",
      "resolved": "https://registry.npmmirror.com/@antv/f2/-/f2-4.0.25.tgz",
      "integrity": "sha512-6lH7KZ5b6PRzyUujuMS8jxBLxOF/C3Xcvozqo7+gQHNvSYvdP4X9l3ZEqkHQZcIgbjzQjE5L9skSDJdAtp7hCw==",
      "requires": {
        "@antv/adjust": "~0.2.5",
        "@antv/event-emitter": "^0.1.2",
        "@antv/f2-graphic": "^0.0.5",
        "@antv/scale": "~0.3.3",
        "@antv/util": "~2.0.6",
        "@babel/runtime": "^7.12.5",
        "d3-cloud": "~1.2.5"
      }
    },
    "@antv/f2-graphic": {
      "version": "0.0.5",
      "resolved": "https://registry.npmmirror.com/@antv/f2-graphic/-/f2-graphic-0.0.5.tgz",
      "integrity": "sha512-28di2bT5wd0BcOBuEjgQott++TdxDIPEJzerlqHYD/i7yhRN/cH0WVb4nVC+Pu6fcWseui9t7rnGNnZGem8AXw==",
      "requires": {
        "@antv/util": "~2.0.6",
        "@babel/runtime": "^7.12.5"
      }
    },
    "@antv/scale": {
      "version": "0.3.18",
      "resolved": "https://registry.npmmirror.com/@antv/scale/-/scale-0.3.18.tgz",
      "integrity": "sha512-GHwE6Lo7S/Q5fgaLPaCsW+CH+3zl4aXpnN1skOiEY0Ue9/u+s2EySv6aDXYkAqs//i0uilMDD/0/4n8caX9U9w==",
      "requires": {
        "@antv/util": "~2.0.3",
        "fecha": "~4.2.0",
        "tslib": "^2.0.0"
      },
      "dependencies": {
        "tslib": {
          "version": "2.4.0",
          "resolved": "https://registry.npmmirror.com/tslib/-/tslib-2.4.0.tgz",
          "integrity": "sha512-d6xOpEDfsi2CZVlPQzGeux8XMwLT9hssAsaPYExaQMuYskwb+x1x7J371tWlbBdWHroy99KnVB6qIkUbs5X3UQ=="
        }
      }
    },
    "@antv/util": {
      "version": "2.0.17",
      "resolved": "https://registry.npmmirror.com/@antv/util/-/util-2.0.17.tgz",
      "integrity": "sha512-o6I9hi5CIUvLGDhth0RxNSFDRwXeywmt6ExR4+RmVAzIi48ps6HUy+svxOCayvrPBN37uE6TAc2KDofRo0nK9Q==",
      "requires": {
        "csstype": "^3.0.8",
        "tslib": "^2.0.3"
      },
      "dependencies": {
        "tslib": {
          "version": "2.4.0",
          "resolved": "https://registry.npmmirror.com/tslib/-/tslib-2.4.0.tgz",
          "integrity": "sha512-d6xOpEDfsi2CZVlPQzGeux8XMwLT9hssAsaPYExaQMuYskwb+x1x7J371tWlbBdWHroy99KnVB6qIkUbs5X3UQ=="
        }
      }
    },
    "@babel/helper-annotate-as-pure": {
      "version": "7.18.6",
      "resolved": "https://registry.npmmirror.com/@babel/helper-annotate-as-pure/-/helper-annotate-as-pure-7.18.6.tgz",
      "integrity": "sha512-duORpUiYrEpzKIop6iNbjnwKLAKnJ47csTyRACyEmWj0QdUrm5aqNJGHSSEQSUAvNW0ojX0dOmK9dZduvkfeXA==",
      "dev": true,
      "requires": {
        "@babel/types": "^7.18.6"
      }
    },
    "@babel/helper-module-imports": {
      "version": "7.18.6",
      "resolved": "https://registry.npmmirror.com/@babel/helper-module-imports/-/helper-module-imports-7.18.6.tgz",
      "integrity": "sha512-0NFvs3VkuSYbFi1x2Vd6tKrywq+z/cLeYC/RJNFrIX/30Bf5aiGYbtvGXolEktzJH8o5E5KJ3tT+nkxuuZFVlA==",
      "dev": true,
      "requires": {
        "@babel/types": "^7.18.6"
      }
    },
    "@babel/helper-plugin-utils": {
      "version": "7.18.6",
      "resolved": "https://registry.npmmirror.com/@babel/helper-plugin-utils/-/helper-plugin-utils-7.18.6.tgz",
      "integrity": "sha512-gvZnm1YAAxh13eJdkb9EWHBnF3eAub3XTLCZEehHT2kWxiKVRL64+ae5Y6Ivne0mVHmMYKT+xWgZO+gQhuLUBg==",
      "dev": true
    },
    "@babel/helper-validator-identifier": {
      "version": "7.18.6",
      "resolved": "https://registry.npmmirror.com/@babel/helper-validator-identifier/-/helper-validator-identifier-7.18.6.tgz",
      "integrity": "sha512-MmetCkz9ej86nJQV+sFCxoGGrUbU3q02kgLciwkrt9QqEB7cP39oKEY0PakknEO0Gu20SskMRi+AYZ3b1TpN9g==",
      "dev": true
    },
    "@babel/plugin-syntax-jsx": {
      "version": "7.18.6",
      "resolved": "https://registry.npmmirror.com/@babel/plugin-syntax-jsx/-/plugin-syntax-jsx-7.18.6.tgz",
      "integrity": "sha512-6mmljtAedFGTWu2p/8WIORGwy+61PLgOMPOdazc7YoJ9ZCWUyFy3A6CpPkRKLKD1ToAesxX8KGEViAiLo9N+7Q==",
      "dev": true,
      "requires": {
        "@babel/helper-plugin-utils": "^7.18.6"
      }
    },
    "@babel/plugin-transform-react-jsx": {
      "version": "7.18.6",
      "resolved": "https://registry.npmmirror.com/@babel/plugin-transform-react-jsx/-/plugin-transform-react-jsx-7.18.6.tgz",
      "integrity": "sha512-Mz7xMPxoy9kPS/JScj6fJs03TZ/fZ1dJPlMjRAgTaxaS0fUBk8FV/A2rRgfPsVCZqALNwMexD+0Uaf5zlcKPpw==",
      "dev": true,
      "requires": {
        "@babel/helper-annotate-as-pure": "^7.18.6",
        "@babel/helper-module-imports": "^7.18.6",
        "@babel/helper-plugin-utils": "^7.18.6",
        "@babel/plugin-syntax-jsx": "^7.18.6",
        "@babel/types": "^7.18.6"
      }
    },
    "@babel/runtime": {
      "version": "7.18.6",
      "resolved": "https://registry.npmmirror.com/@babel/runtime/-/runtime-7.18.6.tgz",
      "integrity": "sha512-t9wi7/AW6XtKahAe20Yw0/mMljKq0B1r2fPdvaAdV/KPDZewFXdaaa6K7lxmZBZ8FBNpCiAT6iHPmd6QO9bKfQ==",
      "requires": {
        "regenerator-runtime": "^0.13.4"
      }
    },
    "@babel/types": {
      "version": "7.18.7",
      "resolved": "https://registry.npmmirror.com/@babel/types/-/types-7.18.7.tgz",
      "integrity": "sha512-QG3yxTcTIBoAcQmkCs+wAPYZhu7Dk9rXKacINfNbdJDNERTbLQbHGyVG8q/YGMPeCJRIhSY0+fTc5+xuh6WPSQ==",
      "dev": true,
      "requires": {
        "@babel/helper-validator-identifier": "^7.18.6",
        "to-fast-properties": "^2.0.0"
      }
    },
    "csstype": {
      "version": "3.1.0",
      "resolved": "https://registry.npmmirror.com/csstype/-/csstype-3.1.0.tgz",
      "integrity": "sha512-uX1KG+x9h5hIJsaKR9xHUeUraxf8IODOwq9JLNPq6BwB04a/xgpq3rcx47l5BZu5zBPlgD342tdke3Hom/nJRA=="
    },
    "d3-cloud": {
      "version": "1.2.5",
      "resolved": "https://registry.npmmirror.com/d3-cloud/-/d3-cloud-1.2.5.tgz",
      "integrity": "sha512-4s2hXZgvs0CoUIw31oBAGrHt9Kt/7P9Ik5HIVzISFiWkD0Ga2VLAuO/emO/z1tYIpE7KG2smB4PhMPfFMJpahw==",
      "requires": {
        "d3-dispatch": "^1.0.3"
      }
    },
    "d3-dispatch": {
      "version": "1.0.6",
      "resolved": "https://registry.npmmirror.com/d3-dispatch/-/d3-dispatch-1.0.6.tgz",
      "integrity": "sha512-fVjoElzjhCEy+Hbn8KygnmMS7Or0a9sI2UzGwoB7cCtvI1XpVN9GpoYlnb3xt2YV66oXYb1fLJ8GMvP4hdU1RA=="
    },
    "fecha": {
      "version": "4.2.3",
      "resolved": "https://registry.npmmirror.com/fecha/-/fecha-4.2.3.tgz",
      "integrity": "sha512-OP2IUU6HeYKJi3i0z4A19kHMQoLVs4Hc+DPqqxI2h/DPZHTm/vjsfC6P0b4jCMy14XizLBqvndQ+UilD7707Jw=="
    },
    "regenerator-runtime": {
      "version": "0.13.9",
      "resolved": "https://registry.npmmirror.com/regenerator-runtime/-/regenerator-runtime-0.13.9.tgz",
      "integrity": "sha512-p3VT+cOEgxFsRRA9X4lkI1E+k2/CtnKtU4gcxyaCUreilL/vqI6CdZ3wxVUx3UOUg+gnUOQQcRI7BmSI656MYA=="
    },
    "to-fast-properties": {
      "version": "2.0.0",
      "resolved": "https://registry.npmmirror.com/to-fast-properties/-/to-fast-properties-2.0.0.tgz",
      "integrity": "sha512-/OaKK0xYrs3DmxRYqL/yDc+FxFUVYhDlXMhRmv3z915w2HF1tnN1omB354j8VUGO/hbRzyD6Y3sA7v7GS/ceog==",
      "dev": true
    },
    "tslib": {
      "version": "1.14.1",
      "resolved": "https://registry.npmmirror.com/tslib/-/tslib-1.14.1.tgz",
      "integrity": "sha512-Xni35NKzjgMrwevysHTCArtLDpPvye8zV/0E4EyYn43P7/7qvQwPh9BGkHewbMulVntbigmcT7rdX3BNo9wRJg=="
    }
  }
}
